{
  "name": "uFashionOrm",
  "lockfileVersion": 3,
  "requires": true,
  "packages": {
    "": {
      "dependencies": {
        "sequelize-slugify": "^1.6.2"
      }
    },
    "node_modules/lodash.defaults": {
      "version": "4.2.0",
      "resolved": "https://registry.npmjs.org/lodash.defaults/-/lodash.defaults-4.2.0.tgz",
      "integrity": "sha512-qjxPLHd3r5DnsdGacqOMU6pb/avJzdh9tFX2ymgoZE27BmjXrNy/y4LoaiTeAb+O3gL8AfpJGtqfX/ae2leYYQ=="
    },
    "node_modules/sequelize-slugify": {
      "version": "1.6.2",
      "resolved": "https://registry.npmjs.org/sequelize-slugify/-/sequelize-slugify-1.6.2.tgz",
      "integrity": "sha512-UP8FxBeBwo0rdXmJL59mf9YWaapeCxt01Y2n4plJkByUHoKtgjMTH6pcoFhBH+AzIgzzVHPAb8c1JDLgeE7qug==",
      "dependencies": {
        "sluglife": "^0.9.8"
      },
      "engines": {
        "node": ">=10.9.0"
      }
    },
    "node_modules/sluglife": {
      "version": "0.9.8",
      "resolved": "https://registry.npmjs.org/sluglife/-/sluglife-0.9.8.tgz",
      "integrity": "sha512-tJ5KZ9E8ApCFDIQqKbqXVhi4FdTjWCKg1jeEB8M7UxRaT3Sk9Al3GwFfltVV6JJhTZaHrONthNmWtZMExJNRqQ==",
      "dependencies": {
        "lodash.defaults": "^4.2.0",
        "unicode": ">=11.0.1"
      },
      "engines": {
        "node": ">=6.12.3"
      }
    },
    "node_modules/unicode": {
      "version": "14.0.0",
      "resolved": "https://registry.npmjs.org/unicode/-/unicode-14.0.0.tgz",
      "integrity": "sha512-BjinxTXkbm9Jomp/YBTMGusr4fxIG67fNGShHIRAL16Ur2GJTq2xvLi+sxuiJmInCmwqqev2BCFKyvbfp/yAkg==",
      "engines": {
        "node": ">= 0.8.x"
      }
    }
  }
}
